
Microsoft Visual Studio Solution File, Format Version 12.00
# Visual Studio 15
Project("{FAE04EC0-301F-11D3-BF4B-00C04F79EFBC}") = "UIPath", "UIPath.csproj", "{63F4D3CB-ECA7-40C4-8E4B-DC7A0E647E7F}"
EndProject
Global
	GlobalSection(SolutionConfigurationPlatforms) = preSolution
		Debug|Any CPU = Debug|Any CPU
		Release|Any CPU = Release|Any CPU
	EndGlobalSection
	GlobalSection(ProjectConfigurationPlatforms) = postSolution
		{63F4D3CB-ECA7-40C4-8E4B-DC7A0E647E7F}.Debug|Any CPU.ActiveCfg = Debug|Any CPU
		{63F4D3CB-ECA7-40C4-8E4B-DC7A0E647E7F}.Debug|Any CPU.Build.0 = Debug|Any CPU
		{63F4D3CB-ECA7-40C4-8E4B-DC7A0E647E7F}.Release|Any CPU.ActiveCfg = Release|Any CPU
		{63F4D3CB-ECA7-40C4-8E4B-DC7A0E647E7F}.Release|Any CPU.Build.0 = Release|Any CPU
	EndGlobalSection
EndGlobal
